
Microsoft Visual Studio Solution File, Format Version 12.00
# Visual Studio Version 16
VisualStudioVersion = 16.0.30011.22
MinimumVisualStudioVersion = 10.0.40219.1
Project("{FAE04EC0-301F-11D3-BF4B-00C04F79EFBC}") = "QR007", "QR007\QR007.csproj", "{EF63C5F9-F066-4E15-9875-0A63510F31C7}"
EndProject
Global
	GlobalSection(SolutionConfigurationPlatforms) = preSolution
		Debug|Any CPU = Debug|Any CPU
		Release|Any CPU = Release|Any CPU
	EndGlobalSection
	GlobalSection(ProjectConfigurationPlatforms) = postSolution
		{EF63C5F9-F066-4E15-9875-0A63510F31C7}.Debug|Any CPU.ActiveCfg = Debug|Any CPU
		{EF63C5F9-F066-4E15-9875-0A63510F31C7}.Debug|Any CPU.Build.0 = Debug|Any CPU
		{EF63C5F9-F066-4E15-9875-0A63510F31C7}.Release|Any CPU.ActiveCfg = Release|Any CPU
		{EF63C5F9-F066-4E15-9875-0A63510F31C7}.Release|Any CPU.Build.0 = Release|Any CPU
	EndGlobalSection
	GlobalSection(SolutionProperties) = preSolution
		HideSolutionNode = FALSE
	EndGlobalSection
	GlobalSection(ExtensibilityGlobals) = postSolution
		SolutionGuid = {A4F45F93-5497-46E2-A2D4-E1CE4CC35F8A}
	EndGlobalSection
EndGlobal
